// !$*UTF8*$!
{
	archiveVersion = 1;
	classes = {
	};
	objectVersion = 50;
	objects = {

/* Begin PBXBuildFile section */
		6BB043DD25F7A6B0008157CF /* AVLTree.framework in Frameworks */ = {isa = PBXBuildFile; fileRef = 6BB043D325F7A6B0008157CF /* AVLTree.framework */; };
		6BB043E225F7A6B0008157CF /* AVLTreeTests.swift in Sources */ = {isa = PBXBuildFile; fileRef = 6BB043E125F7A6B0008157CF /* AVLTreeTests.swift */; };
		6BB043E425F7A6B0008157CF /* AVLTree.h in Headers */ = {isa = PBXBuildFile; fileRef = 6BB043D625F7A6B0008157CF /* AVLTree.h */; settings = {ATTRIBUTES = (Public, ); }; };
		6BB043F025F7A6F7008157CF /* AVLTree.swift in Sources */ = {isa = PBXBuildFile; fileRef = 6BB043EF25F7A6F7008157CF /* AVLTree.swift */; };
		6BB043F325F7A751008157CF /* AVLTree.swift in Sources */ = {isa = PBXBuildFile; fileRef = 6BB043EF25F7A6F7008157CF /* AVLTree.swift */; };
/* End PBXBuildFile section */

/* Begin PBXContainerItemProxy section */
		6BB043DE25F7A6B0008157CF /* PBXContainerItemProxy */ = {
			isa = PBXContainerItemProxy;
			containerPortal = 6BB043CA25F7A6B0008157CF /* Project object */;
			proxyType = 1;
			remoteGlobalIDString = 6BB043D225F7A6B0008157CF;
			remoteInfo = AVLTree;
		};
/* End PBXContainerItemProxy section */

/* Begin PBXFileReference section */
		6BB043D325F7A6B0008157CF /* AVLTree.framework */ = {isa = PBXFileReference; explicitFileType = wrapper.framework; includeInIndex = 0; path = AVLTree.framework; sourceTree = BUILT_PRODUCTS_DIR; };
		6BB043D625F7A6B0008157CF /* AVLTree.h */ = {isa = PBXFileReference; lastKnownFileType = sourcecode.c.h; path = AVLTree.h; sourceTree = "<group>"; };
		6BB043D725F7A6B0008157CF /* Info.plist */ = {isa = PBXFileReference; lastKnownFileType = text.plist.xml; path = Info.plist; sourceTree = "<group>"; };
		6BB043DC25F7A6B0008157CF /* AVLTreeTests.xctest */ = {isa = PBXFileReference; explicitFileType = wrapper.cfbundle; includeInIndex = 0; path = AVLTreeTests.xctest; sourceTree = BUILT_PRODUCTS_DIR; };
		6BB043E125F7A6B0008157CF /* AVLTreeTests.swift */ = {isa = PBXFileReference; lastKnownFileType = sourcecode.swift; path = AVLTreeTests.swift; sourceTree = "<group>"; };
		6BB043E325F7A6B0008157CF /* Info.plist */ = {isa = PBXFileReference; lastKnownFileType = text.plist.xml; path = Info.plist; sourceTree = "<group>"; };
		6BB043EF25F7A6F7008157CF /* AVLTree.swift */ = {isa = PBXFileReference; lastKnownFileType = sourcecode.swift; path = AVLTree.swift; sourceTree = "<group>"; };
/* End PBXFileReference section */

/* Begin PBXFrameworksBuildPhase section */
		6BB043D025F7A6B0008157CF /* Frameworks */ = {
			isa = PBXFrameworksBuildPhase;
			buildActionMask = 2147483647;
			files = (
			);
			runOnlyForDeploymentPostprocessing = 0;
		};
		6BB043D925F7A6B0008157CF /* Frameworks */ = {
			isa = PBXFrameworksBuildPhase;
			buildActionMask = 2147483647;
			files = (
				6BB043DD25F7A6B0008157CF /* AVLTree.framework in Frameworks */,
			);
			runOnlyForDeploymentPostprocessing = 0;
		};
/* End PBXFrameworksBuildPhase section */

/* Begin PBXGroup section */
		6BB043C925F7A6B0008157CF = {
			isa = PBXGroup;
			children = (
				6BB043D525F7A6B0008157CF /* AVLTree */,
				6BB043E025F7A6B0008157CF /* AVLTreeTests */,
				6BB043D425F7A6B0008157CF /* Products */,
			);
			sourceTree = "<group>";
		};
		6BB043D425F7A6B0008157CF /* Products */ = {
			isa = PBXGroup;
			children = (
				6BB043D325F7A6B0008157CF /* AVLTree.framework */,
				6BB043DC25F7A6B0008157CF /* AVLTreeTests.xctest */,
			);
			name = Products;
			sourceTree = "<group>";
		};
		6BB043D525F7A6B0008157CF /* AVLTree */ = {
			isa = PBXGroup;
			children = (
				6BB043D625F7A6B0008157CF /* AVLTree.h */,
				6BB043D725F7A6B0008157CF /* Info.plist */,
				6BB043EF25F7A6F7008157CF /* AVLTree.swift */,
			);
			path = AVLTree;
			sourceTree = "<group>";
		};
		6BB043E025F7A6B0008157CF /* AVLTreeTests */ = {
			isa = PBXGroup;
			children = (
				6BB043E125F7A6B0008157CF /* AVLTreeTests.swift */,
				6BB043E325F7A6B0008157CF /* Info.plist */,
			);
			path = AVLTreeTests;
			sourceTree = "<group>";
		};
/* End PBXGroup section */

/* Begin PBXHeadersBuildPhase section */
		6BB043CE25F7A6B0008157CF /* Headers */ = {
			isa = PBXHeadersBuildPhase;
			buildActionMask = 2147483647;
			files = (
				6BB043E425F7A6B0008157CF /* AVLTree.h in Headers */,
			);
			runOnlyForDeploymentPostprocessing = 0;
		};
/* End PBXHeadersBuildPhase section */

/* Begin PBXNativeTarget section */
		6BB043D225F7A6B0008157CF /* AVLTree */ = {
			isa = PBXNativeTarget;
			buildConfigurationList = 6BB043E725F7A6B0008157CF /* Build configuration list for PBXNativeTarget "AVLTree" */;
			buildPhases = (
				6BB043CE25F7A6B0008157CF /* Headers */,
				6BB043CF25F7A6B0008157CF /* Sources */,
				6BB043D025F7A6B0008157CF /* Frameworks */,
				6BB043D125F7A6B0008157CF /* Resources */,
			);
			buildRules = (
			);
			dependencies = (
			);
			name = AVLTree;
			productName = AVLTree;
			productReference = 6BB043D325F7A6B0008157CF /* AVLTree.framework */;
			productType = "com.apple.product-type.framework";
		};
		6BB043DB25F7A6B0008157CF /* AVLTreeTests */ = {
			isa = PBXNativeTarget;
			buildConfigurationList = 6BB043EA25F7A6B0008157CF /* Build configuration list for PBXNativeTarget "AVLTreeTests" */;
			buildPhases = (
				6BB043D825F7A6B0008157CF /* Sources */,
				6BB043D925F7A6B0008157CF /* Frameworks */,
				6BB043DA25F7A6B0008157CF /* Resources */,
			);
			buildRules = (
			);
			dependencies = (
				6BB043DF25F7A6B0008157CF /* PBXTargetDependency */,
			);
			name = AVLTreeTests;
			productName = AVLTreeTests;
			productReference = 6BB043DC25F7A6B0008157CF /* AVLTreeTests.xctest */;
			productType = "com.apple.product-type.bundle.unit-test";
		};
/* End PBXNativeTarget section */

/* Begin PBXProject section */
		6BB043CA25F7A6B0008157CF /* Project object */ = {
			isa = PBXProject;
			attributes = {
				LastSwiftUpdateCheck = 1240;
				LastUpgradeCheck = 1240;
				TargetAttributes = {
					6BB043D225F7A6B0008157CF = {
						CreatedOnToolsVersion = 12.4;
						LastSwiftMigration = 1240;
					};
					6BB043DB25F7A6B0008157CF = {
						CreatedOnToolsVersion = 12.4;
					};
				};
			};
			buildConfigurationList = 6BB043CD25F7A6B0008157CF /* Build configuration list for PBXProject "AVLTree" */;
			compatibilityVersion = "Xcode 9.3";
			developmentRegion = en;
			hasScannedForEncodings = 0;
			knownRegions = (
				en,
				Base,
			);
			mainGroup = 6BB043C925F7A6B0008157CF;
			productRefGroup = 6BB043D425F7A6B0008157CF /* Products */;
			projectDirPath = "";
			projectRoot = "";
			targets = (
				6BB043D225F7A6B0008157CF /* AVLTree */,
				6BB043DB25F7A6B0008157CF /* AVLTreeTests */,
			);
		};
/* End PBXProject section */

/* Begin PBXResourcesBuildPhase section */
		6BB043D125F7A6B0008157CF /* Resources */ = {
			isa = PBXResourcesBuildPhase;
			buildActionMask = 2147483647;
			files = (
			);
			runOnlyForDeploymentPostprocessing = 0;
		};
		6BB043DA25F7A6B0008157CF /* Resources */ = {
			isa = PBXResourcesBuildPhase;
			buildActionMask = 2147483647;
			files = (
			);
			runOnlyForDeploymentPostprocessing = 0;
		};
/* End PBXResourcesBuildPhase section */

/* Begin PBXSourcesBuildPhase section */
		6BB043CF25F7A6B0008157CF /* Sources */ = {
			isa = PBXSourcesBuildPhase;
			buildActionMask = 2147483647;
			files = (
				6BB043F025F7A6F7008157CF /* AVLTree.swift in Sources */,
			);
			runOnlyForDeploymentPostprocessing = 0;
		};
		6BB043D825F7A6B0008157CF /* Sources */ = {
			isa = PBXSourcesBuildPhase;
			buildActionMask = 2147483647;
			files = (
				6BB043E225F7A6B0008157CF /* AVLTreeTests.swift in Sources */,
				6BB043F325F7A751008157CF /* AVLTree.swift in Sources */,
			);
			runOnlyForDeploymentPostprocessing = 0;
		};
/* End PBXSourcesBuildPhase section */

/* Begin PBXTargetDependency section */
		6BB043DF25F7A6B0008157CF /* PBXTargetDependency */ = {
			isa = PBXTargetDependency;
			target = 6BB043D225F7A6B0008157CF /* AVLTree */;
			targetProxy = 6BB043DE25F7A6B0008157CF /* PBXContainerItemProxy */;
		};
/* End PBXTargetDependency section */

/* Begin XCBuildConfiguration section */
		6BB043E525F7A6B0008157CF /* Debug */ = {
			isa = XCBuildConfiguration;
			buildSettings = {
				ALWAYS_SEARCH_USER_PATHS = NO;
				CLANG_ANALYZER_NONNULL = YES;
				CLANG_ANALYZER_NUMBER_OBJECT_CONVERSION = YES_AGGRESSIVE;
				CLANG_CXX_LANGUAGE_STANDARD = "gnu++14";
				CLANG_CXX_LIBRARY = "libc++";
				CLANG_ENABLE_MODULES = YES;
				CLANG_ENABLE_OBJC_ARC = YES;
				CLANG_ENABLE_OBJC_WEAK = YES;
				CLANG_WARN_BLOCK_CAPTURE_AUTORELEASING = YES;
				CLANG_WARN_BOOL_CONVERSION = YES;
				CLANG_WARN_COMMA = YES;
				CLANG_WARN_CONSTANT_CONVERSION = YES;
				CLANG_WARN_DEPRECATED_OBJC_IMPLEMENTATIONS = YES;
				CLANG_WARN_DIRECT_OBJC_ISA_USAGE = YES_ERROR;
				CLANG_WARN_DOCUMENTATION_COMMENTS = YES;
				CLANG_WARN_EMPTY_BODY = YES;
				CLANG_WARN_ENUM_CONVERSION = YES;
				CLANG_WARN_INFINITE_RECURSION = YES;
				CLANG_WARN_INT_CONVERSION = YES;
				CLANG_WARN_NON_LITERAL_NULL_CONVERSION = YES;
				CLANG_WARN_OBJC_IMPLICIT_RETAIN_SELF = YES;
				CLANG_WARN_OBJC_LITERAL_CONVERSION = YES;
				CLANG_WARN_OBJC_ROOT_CLASS = YES_ERROR;
				CLANG_WARN_QUOTED_INCLUDE_IN_FRAMEWORK_HEADER = YES;
				CLANG_WARN_RANGE_LOOP_ANALYSIS = YES;
				CLANG_WARN_STRICT_PROTOTYPES = YES;
				CLANG_WARN_SUSPICIOUS_MOVE = YES;
				CLANG_WARN_UNGUARDED_AVAILABILITY = YES_AGGRESSIVE;
				CLANG_WARN_UNREACHABLE_CODE = YES;
				CLANG_WARN__DUPLICATE_METHOD_MATCH = YES;
				COPY_PHASE_STRIP = NO;
				CURRENT_PROJECT_VERSION = 1;
				DEBUG_INFORMATION_FORMAT = dwarf;
				ENABLE_STRICT_OBJC_MSGSEND = YES;
				ENABLE_TESTABILITY = YES;
				GCC_C_LANGUAGE_STANDARD = gnu11;
				GCC_DYNAMIC_NO_PIC = NO;
				GCC_NO_COMMON_BLOCKS = YES;
				GCC_OPTIMIZATION_LEVEL = 0;
				GCC_PREPROCESSOR_DEFINITIONS = (
					"DEBUG=1",
					"$(inherited)",
				);
				GCC_WARN_64_TO_32_BIT_CONVERSION = YES;
				GCC_WARN_ABOUT_RETURN_TYPE = YES_ERROR;
				GCC_WARN_UNDECLARED_SELECTOR = YES;
				GCC_WARN_UNINITIALIZED_AUTOS = YES_AGGRESSIVE;
				GCC_WARN_UNUSED_FUNCTION = YES;
				GCC_WARN_UNUSED_VARIABLE = YES;
				MACOSX_DEPLOYMENT_TARGET = 11.1;
				MTL_ENABLE_DEBUG_INFO = INCLUDE_SOURCE;
				MTL_FAST_MATH = YES;
				ONLY_ACTIVE_ARCH = YES;
				SDKROOT = macosx;
				SWIFT_ACTIVE_COMPILATION_CONDITIONS = DEBUG;
				SWIFT_OPTIMIZATION_LEVEL = "-Onone";
				VERSIONING_SYSTEM = "apple-generic";
				VERSION_INFO_PREFIX = "";
			};
			name = Debug;
		};
		6BB043E625F7A6B0008157CF /* Release */ = {
			isa = XCBuildConfiguration;
			buildSettings = {
				ALWAYS_SEARCH_USER_PATHS = NO;
				CLANG_ANALYZER_NONNULL = YES;
				CLANG_ANALYZER_NUMBER_OBJECT_CONVERSION = YES_AGGRESSIVE;
				CLANG_CXX_LANGUAGE_STANDARD = "gnu++14";
				CLANG_CXX_LIBRARY = "libc++";
				CLANG_ENABLE_MODULES = YES;
				CLANG_ENABLE_OBJC_ARC = YES;
				CLANG_ENABLE_OBJC_WEAK = YES;
				CLANG_WARN_BLOCK_CAPTURE_AUTORELEASING = YES;
				CLANG_WARN_BOOL_CONVERSION = YES;
				CLANG_WARN_COMMA = YES;
				CLANG_WARN_CONSTANT_CONVERSION = YES;
				CLANG_WARN_DEPRECATED_OBJC_IMPLEMENTATIONS = YES;
				CLANG_WARN_DIRECT_OBJC_ISA_USAGE = YES_ERROR;
				CLANG_WARN_DOCUMENTATION_COMMENTS = YES;
				CLANG_WARN_EMPTY_BODY = YES;
				CLANG_WARN_ENUM_CONVERSION = YES;
				CLANG_WARN_INFINITE_RECURSION = YES;
				CLANG_WARN_INT_CONVERSION = YES;
				CLANG_WARN_NON_LITERAL_NULL_CONVERSION = YES;
				CLANG_WARN_OBJC_IMPLICIT_RETAIN_SELF = YES;
				CLANG_WARN_OBJC_LITERAL_CONVERSION = YES;
				CLANG_WARN_OBJC_ROOT_CLASS = YES_ERROR;
				CLANG_WARN_QUOTED_INCLUDE_IN_FRAMEWORK_HEADER = YES;
				CLANG_WARN_RANGE_LOOP_ANALYSIS = YES;
				CLANG_WARN_STRICT_PROTOTYPES = YES;
				CLANG_WARN_SUSPICIOUS_MOVE = YES;
				CLANG_WARN_UNGUARDED_AVAILABILITY = YES_AGGRESSIVE;
				CLANG_WARN_UNREACHABLE_CODE = YES;
				CLANG_WARN__DUPLICATE_METHOD_MATCH = YES;
				COPY_PHASE_STRIP = NO;
				CURRENT_PROJECT_VERSION = 1;
				DEBUG_INFORMATION_FORMAT = "dwarf-with-dsym";
				ENABLE_NS_ASSERTIONS = NO;
				ENABLE_STRICT_OBJC_MSGSEND = YES;
				GCC_C_LANGUAGE_STANDARD = gnu11;
				GCC_NO_COMMON_BLOCKS = YES;
				GCC_WARN_64_TO_32_BIT_CONVERSION = YES;
				GCC_WARN_ABOUT_RETURN_TYPE = YES_ERROR;
				GCC_WARN_UNDECLARED_SELECTOR = YES;
				GCC_WARN_UNINITIALIZED_AUTOS = YES_AGGRESSIVE;
				GCC_WARN_UNUSED_FUNCTION = YES;
				GCC_WARN_UNUSED_VARIABLE = YES;
				MACOSX_DEPLOYMENT_TARGET = 11.1;
				MTL_ENABLE_DEBUG_INFO = NO;
				MTL_FAST_MATH = YES;
				SDKROOT = macosx;
				SWIFT_COMPILATION_MODE = wholemodule;
				SWIFT_OPTIMIZATION_LEVEL = "-O";
				VERSIONING_SYSTEM = "apple-generic";
				VERSION_INFO_PREFIX = "";
			};
			name = Release;
		};
		6BB043E825F7A6B0008157CF /* Debug */ = {
			isa = XCBuildConfiguration;
			buildSettings = {
				CLANG_ENABLE_MODULES = YES;
				CODE_SIGN_STYLE = Automatic;
				COMBINE_HIDPI_IMAGES = YES;
				DEFINES_MODULE = YES;
				DEVELOPMENT_TEAM = VQ4N9GS7AN;
				DYLIB_COMPATIBILITY_VERSION = 1;
				DYLIB_CURRENT_VERSION = 1;
				DYLIB_INSTALL_NAME_BASE = "@rpath";
				INFOPLIST_FILE = AVLTree/Info.plist;
				INSTALL_PATH = "$(LOCAL_LIBRARY_DIR)/Frameworks";
				LD_RUNPATH_SEARCH_PATHS = (
					"$(inherited)",
					"@executable_path/../Frameworks",
					"@loader_path/Frameworks",
				);
				PRODUCT_BUNDLE_IDENTIFIER = com.chetvertukhin.AVLTree;
				PRODUCT_NAME = "$(TARGET_NAME:c99extidentifier)";
				SKIP_INSTALL = YES;
				SWIFT_OPTIMIZATION_LEVEL = "-Onone";
				SWIFT_VERSION = 5.0;
			};
			name = Debug;
		};
		6BB043E925F7A6B0008157CF /* Release */ = {
			isa = XCBuildConfiguration;
			buildSettings = {
				CLANG_ENABLE_MODULES = YES;
				CODE_SIGN_STYLE = Automatic;
				COMBINE_HIDPI_IMAGES = YES;
				DEFINES_MODULE = YES;
				DEVELOPMENT_TEAM = VQ4N9GS7AN;
				DYLIB_COMPATIBILITY_VERSION = 1;
				DYLIB_CURRENT_VERSION = 1;
				DYLIB_INSTALL_NAME_BASE = "@rpath";
				INFOPLIST_FILE = AVLTree/Info.plist;
				INSTALL_PATH = "$(LOCAL_LIBRARY_DIR)/Frameworks";
				LD_RUNPATH_SEARCH_PATHS = (
					"$(inherited)",
					"@executable_path/../Frameworks",
					"@loader_path/Frameworks",
				);
				PRODUCT_BUNDLE_IDENTIFIER = com.chetvertukhin.AVLTree;
				PRODUCT_NAME = "$(TARGET_NAME:c99extidentifier)";
				SKIP_INSTALL = YES;
				SWIFT_VERSION = 5.0;
			};
			name = Release;
		};
		6BB043EB25F7A6B0008157CF /* Debug */ = {
			isa = XCBuildConfiguration;
			buildSettings = {
				ALWAYS_EMBED_SWIFT_STANDARD_LIBRARIES = YES;
				CODE_SIGN_STYLE = Automatic;
				COMBINE_HIDPI_IMAGES = YES;
				DEVELOPMENT_TEAM = VQ4N9GS7AN;
				INFOPLIST_FILE = AVLTreeTests/Info.plist;
				LD_RUNPATH_SEARCH_PATHS = (
					"$(inherited)",
					"@executable_path/../Frameworks",
					"@loader_path/../Frameworks",
				);
				PRODUCT_BUNDLE_IDENTIFIER = com.chetvertukhin.AVLTreeTests;
				PRODUCT_NAME = "$(TARGET_NAME)";
				SWIFT_VERSION = 5.0;
			};
			name = Debug;
		};
		6BB043EC25F7A6B0008157CF /* Release */ = {
			isa = XCBuildConfiguration;
			buildSettings = {
				ALWAYS_EMBED_SWIFT_STANDARD_LIBRARIES = YES;
				CODE_SIGN_STYLE = Automatic;
				COMBINE_HIDPI_IMAGES = YES;
				DEVELOPMENT_TEAM = VQ4N9GS7AN;
				INFOPLIST_FILE = AVLTreeTests/Info.plist;
				LD_RUNPATH_SEARCH_PATHS = (
					"$(inherited)",
					"@executable_path/../Frameworks",
					"@loader_path/../Frameworks",
				);
				PRODUCT_BUNDLE_IDENTIFIER = com.chetvertukhin.AVLTreeTests;
				PRODUCT_NAME = "$(TARGET_NAME)";
				SWIFT_VERSION = 5.0;
			};
			name = Release;
		};
/* End XCBuildConfiguration section */

/* Begin XCConfigurationList section */
		6BB043CD25F7A6B0008157CF /* Build configuration list for PBXProject "AVLTree" */ = {
			isa = XCConfigurationList;
			buildConfigurations = (
				6BB043E525F7A6B0008157CF /* Debug */,
				6BB043E625F7A6B0008157CF /* Release */,
			);
			defaultConfigurationIsVisible = 0;
			defaultConfigurationName = Release;
		};
		6BB043E725F7A6B0008157CF /* Build configuration list for PBXNativeTarget "AVLTree" */ = {
			isa = XCConfigurationList;
			buildConfigurations = (
				6BB043E825F7A6B0008157CF /* Debug */,
				6BB043E925F7A6B0008157CF /* Release */,
			);
			defaultConfigurationIsVisible = 0;
			defaultConfigurationName = Release;
		};
		6BB043EA25F7A6B0008157CF /* Build configuration list for PBXNativeTarget "AVLTreeTests" */ = {
			isa = XCConfigurationList;
			buildConfigurations = (
				6BB043EB25F7A6B0008157CF /* Debug */,
				6BB043EC25F7A6B0008157CF /* Release */,
			);
			defaultConfigurationIsVisible = 0;
			defaultConfigurationName = Release;
		};
/* End XCConfigurationList section */
	};
	rootObject = 6BB043CA25F7A6B0008157CF /* Project object */;
}
